{
  "name": "@reidelsaltres/hellper",
  "version": "0.0.1",
  "lockfileVersion": 3,
  "requires": true,
  "packages": {
    "": {
      "name": "@reidelsaltres/hellper",
      "version": "0.0.1",
      "dependencies": {
        "@reidelsaltres/pureper": "^0.1.105"
      }
    },
    "node_modules/@reidelsaltres/pureper": {
      "version": "0.1.105",
      "resolved": "https://registry.npmjs.org/@reidelsaltres/pureper/-/pureper-0.1.105.tgz",
      "integrity": "sha512-tgnwKwUC1iTPm41s3oLl7i03akiRuGAFeuS0k75I3NkRu/0pET92NlxweJYrTTsRlg2Kh/+0QMK7I5JIylFrQw==",
      "license": "MIT"
    }
  }
}
