{
  "name": "@reidelsaltres/hellper",
  "version": "0.0.1",
  "lockfileVersion": 3,
  "requires": true,
  "packages": {
    "": {
      "name": "@reidelsaltres/hellper",
      "version": "0.0.1",
      "dependencies": {
        "@reidelsaltres/pureper": "^0.1.94"
      }
    },
    "node_modules/@reidelsaltres/pureper": {
      "version": "0.1.94",
      "resolved": "https://registry.npmjs.org/@reidelsaltres/pureper/-/pureper-0.1.94.tgz",
      "integrity": "sha512-vkdx6Mqoq04/8qfcqkE/k715hxSa0WefI4FQLbqN2q0C9Mux3DXv+yozce7zPygklDl0jXiutmZvhRwniSQAzw==",
      "license": "MIT"
    }
  }
}
