{
  "name": "@reidelsaltres/hellper",
  "version": "0.0.1",
  "lockfileVersion": 3,
  "requires": true,
  "packages": {
    "": {
      "name": "@reidelsaltres/hellper",
      "version": "0.0.1",
      "dependencies": {
        "@reidelsaltres/pureper": "^0.1.110"
      }
    },
    "node_modules/@reidelsaltres/pureper": {
      "version": "0.1.110",
      "resolved": "https://registry.npmjs.org/@reidelsaltres/pureper/-/pureper-0.1.110.tgz",
      "integrity": "sha512-+XiioOZfoOkubLbD4FC6cBbqbmITXik+MypRI+6BtrJCe5pV+EiFDvQsSewb+yZEMUOvwu5nFKdCz/oY4F12Vg==",
      "license": "MIT"
    }
  }
}
